
Microsoft Visual Studio Solution File, Format Version 12.00
# Visual Studio Version 16
VisualStudioVersion = 16.0.31729.503
MinimumVisualStudioVersion = 10.0.40219.1
Project("{8BC9CEB8-8B4A-11D0-8D11-00A0C91BC942}") = "hw4", "hw4\hw4.vcxproj", "{ABED6093-B9E0-4134-8D61-3203BEEE86F5}"
EndProject
Global
	GlobalSection(SolutionConfigurationPlatforms) = preSolution
		Debug|x64 = Debug|x64
		Debug|x86 = Debug|x86
		Release|x64 = Release|x64
		Release|x86 = Release|x86
	EndGlobalSection
	GlobalSection(ProjectConfigurationPlatforms) = postSolution
		{ABED6093-B9E0-4134-8D61-3203BEEE86F5}.Debug|x64.ActiveCfg = Debug|x64
		{ABED6093-B9E0-4134-8D61-3203BEEE86F5}.Debug|x64.Build.0 = Debug|x64
		{ABED6093-B9E0-4134-8D61-3203BEEE86F5}.Debug|x86.ActiveCfg = Debug|Win32
		{ABED6093-B9E0-4134-8D61-3203BEEE86F5}.Debug|x86.Build.0 = Debug|Win32
		{ABED6093-B9E0-4134-8D61-3203BEEE86F5}.Release|x64.ActiveCfg = Release|x64
		{ABED6093-B9E0-4134-8D61-3203BEEE86F5}.Release|x64.Build.0 = Release|x64
		{ABED6093-B9E0-4134-8D61-3203BEEE86F5}.Release|x86.ActiveCfg = Release|Win32
		{ABED6093-B9E0-4134-8D61-3203BEEE86F5}.Release|x86.Build.0 = Release|Win32
	EndGlobalSection
	GlobalSection(SolutionProperties) = preSolution
		HideSolutionNode = FALSE
	EndGlobalSection
	GlobalSection(ExtensibilityGlobals) = postSolution
		SolutionGuid = {7BBF2D4E-87EC-4AC7-A1F8-EDAAE986A208}
	EndGlobalSection
EndGlobal
